
Microsoft Visual Studio Solution File, Format Version 12.00
# Visual Studio Version 16
VisualStudioVersion = 16.0.28803.452
MinimumVisualStudioVersion = 10.0.40219.1
Project("{FAE04EC0-301F-11D3-BF4B-00C04F79EFBC}") = "WindowsFormsApp8", "WindowsFormsApp8.csproj", "{6FC87440-FC78-4292-9BCB-2DF01D8DE346}"
EndProject
Global
	GlobalSection(SolutionConfigurationPlatforms) = preSolution
		Debug|Any CPU = Debug|Any CPU
		Release|Any CPU = Release|Any CPU
	EndGlobalSection
	GlobalSection(ProjectConfigurationPlatforms) = postSolution
		{6FC87440-FC78-4292-9BCB-2DF01D8DE346}.Debug|Any CPU.ActiveCfg = Debug|Any CPU
		{6FC87440-FC78-4292-9BCB-2DF01D8DE346}.Debug|Any CPU.Build.0 = Debug|Any CPU
		{6FC87440-FC78-4292-9BCB-2DF01D8DE346}.Release|Any CPU.ActiveCfg = Release|Any CPU
		{6FC87440-FC78-4292-9BCB-2DF01D8DE346}.Release|Any CPU.Build.0 = Release|Any CPU
	EndGlobalSection
	GlobalSection(SolutionProperties) = preSolution
		HideSolutionNode = FALSE
	EndGlobalSection
	GlobalSection(ExtensibilityGlobals) = postSolution
		SolutionGuid = {A5516278-EFCE-48AE-8B42-3966AFDAA40D}
	EndGlobalSection
EndGlobal
