
Microsoft Visual Studio Solution File, Format Version 12.00
# Visual Studio Version 16
VisualStudioVersion = 16.0.28803.452
MinimumVisualStudioVersion = 10.0.40219.1
Project("{FAE04EC0-301F-11D3-BF4B-00C04F79EFBC}") = "WindowsFormsApp7", "WindowsFormsApp7.csproj", "{F28026E1-006D-4632-86B2-CCE22F2507EB}"
EndProject
Global
	GlobalSection(SolutionConfigurationPlatforms) = preSolution
		Debug|Any CPU = Debug|Any CPU
		Release|Any CPU = Release|Any CPU
	EndGlobalSection
	GlobalSection(ProjectConfigurationPlatforms) = postSolution
		{F28026E1-006D-4632-86B2-CCE22F2507EB}.Debug|Any CPU.ActiveCfg = Debug|Any CPU
		{F28026E1-006D-4632-86B2-CCE22F2507EB}.Debug|Any CPU.Build.0 = Debug|Any CPU
		{F28026E1-006D-4632-86B2-CCE22F2507EB}.Release|Any CPU.ActiveCfg = Release|Any CPU
		{F28026E1-006D-4632-86B2-CCE22F2507EB}.Release|Any CPU.Build.0 = Release|Any CPU
	EndGlobalSection
	GlobalSection(SolutionProperties) = preSolution
		HideSolutionNode = FALSE
	EndGlobalSection
	GlobalSection(ExtensibilityGlobals) = postSolution
		SolutionGuid = {FAF7220B-59D6-4F6C-B97C-C839B503265F}
	EndGlobalSection
EndGlobal
